
Microsoft Visual Studio Solution File, Format Version 12.00
# Visual Studio Version 17
VisualStudioVersion = 17.7.34024.191
MinimumVisualStudioVersion = 10.0.40219.1
Project("{8BC9CEB8-8B4A-11D0-8D11-00A0C91BC942}") = "LW1", "LW1\LW1.vcxproj", "{85BCDD95-00FE-47D8-8ED4-088D47DC7790}"
EndProject
Project("{8BC9CEB8-8B4A-11D0-8D11-00A0C91BC942}") = "LW2", "LW2\LW2.vcxproj", "{41BB3595-B63D-474E-B6C5-F633D12AA1A9}"
EndProject
Project("{8BC9CEB8-8B4A-11D0-8D11-00A0C91BC942}") = "LW3", "LW3\LW3.vcxproj", "{FBB246CD-E031-4EB6-AB36-AAB26365BF2D}"
EndProject
Project("{8BC9CEB8-8B4A-11D0-8D11-00A0C91BC942}") = "LW4", "LW4\LW4.vcxproj", "{0C031C15-C751-4BE4-95D6-2B73FBBB7037}"
EndProject
Project("{8BC9CEB8-8B4A-11D0-8D11-00A0C91BC942}") = "LW5", "LW5\LW5.vcxproj", "{D1C3E40E-05EE-47CE-B4BD-975B86D01991}"
EndProject
Project("{8BC9CEB8-8B4A-11D0-8D11-00A0C91BC942}") = "LW6", "LW6\LW6.vcxproj", "{4553107A-54C3-49E3-9159-30AD14B53349}"
EndProject
Project("{8BC9CEB8-8B4A-11D0-8D11-00A0C91BC942}") = "LW7", "LW7\LW7.vcxproj", "{E97B4CEB-B093-4615-BEE4-A971750FB46A}"
EndProject
Project("{8BC9CEB8-8B4A-11D0-8D11-00A0C91BC942}") = "LW8", "LW8\LW8.vcxproj", "{4DCD0C3D-3088-48F2-9D2F-6E880E61E657}"
EndProject
Global
	GlobalSection(SolutionConfigurationPlatforms) = preSolution
		Debug|x64 = Debug|x64
		Debug|x86 = Debug|x86
		Release|x64 = Release|x64
		Release|x86 = Release|x86
	EndGlobalSection
	GlobalSection(ProjectConfigurationPlatforms) = postSolution
		{85BCDD95-00FE-47D8-8ED4-088D47DC7790}.Debug|x64.ActiveCfg = Debug|x64
		{85BCDD95-00FE-47D8-8ED4-088D47DC7790}.Debug|x64.Build.0 = Debug|x64
		{85BCDD95-00FE-47D8-8ED4-088D47DC7790}.Debug|x86.ActiveCfg = Debug|Win32
		{85BCDD95-00FE-47D8-8ED4-088D47DC7790}.Debug|x86.Build.0 = Debug|Win32
		{85BCDD95-00FE-47D8-8ED4-088D47DC7790}.Release|x64.ActiveCfg = Release|x64
		{85BCDD95-00FE-47D8-8ED4-088D47DC7790}.Release|x64.Build.0 = Release|x64
		{85BCDD95-00FE-47D8-8ED4-088D47DC7790}.Release|x86.ActiveCfg = Release|Win32
		{85BCDD95-00FE-47D8-8ED4-088D47DC7790}.Release|x86.Build.0 = Release|Win32
		{41BB3595-B63D-474E-B6C5-F633D12AA1A9}.Debug|x64.ActiveCfg = Debug|x64
		{41BB3595-B63D-474E-B6C5-F633D12AA1A9}.Debug|x64.Build.0 = Debug|x64
		{41BB3595-B63D-474E-B6C5-F633D12AA1A9}.Debug|x86.ActiveCfg = Debug|Win32
		{41BB3595-B63D-474E-B6C5-F633D12AA1A9}.Debug|x86.Build.0 = Debug|Win32
		{41BB3595-B63D-474E-B6C5-F633D12AA1A9}.Release|x64.ActiveCfg = Release|x64
		{41BB3595-B63D-474E-B6C5-F633D12AA1A9}.Release|x64.Build.0 = Release|x64
		{41BB3595-B63D-474E-B6C5-F633D12AA1A9}.Release|x86.ActiveCfg = Release|Win32
		{41BB3595-B63D-474E-B6C5-F633D12AA1A9}.Release|x86.Build.0 = Release|Win32
		{FBB246CD-E031-4EB6-AB36-AAB26365BF2D}.Debug|x64.ActiveCfg = Debug|x64
		{FBB246CD-E031-4EB6-AB36-AAB26365BF2D}.Debug|x64.Build.0 = Debug|x64
		{FBB246CD-E031-4EB6-AB36-AAB26365BF2D}.Debug|x86.ActiveCfg = Debug|Win32
		{FBB246CD-E031-4EB6-AB36-AAB26365BF2D}.Debug|x86.Build.0 = Debug|Win32
		{FBB246CD-E031-4EB6-AB36-AAB26365BF2D}.Release|x64.ActiveCfg = Release|x64
		{FBB246CD-E031-4EB6-AB36-AAB26365BF2D}.Release|x64.Build.0 = Release|x64
		{FBB246CD-E031-4EB6-AB36-AAB26365BF2D}.Release|x86.ActiveCfg = Release|Win32
		{FBB246CD-E031-4EB6-AB36-AAB26365BF2D}.Release|x86.Build.0 = Release|Win32
		{0C031C15-C751-4BE4-95D6-2B73FBBB7037}.Debug|x64.ActiveCfg = Debug|x64
		{0C031C15-C751-4BE4-95D6-2B73FBBB7037}.Debug|x64.Build.0 = Debug|x64
		{0C031C15-C751-4BE4-95D6-2B73FBBB7037}.Debug|x86.ActiveCfg = Debug|Win32
		{0C031C15-C751-4BE4-95D6-2B73FBBB7037}.Debug|x86.Build.0 = Debug|Win32
		{0C031C15-C751-4BE4-95D6-2B73FBBB7037}.Release|x64.ActiveCfg = Release|x64
		{0C031C15-C751-4BE4-95D6-2B73FBBB7037}.Release|x64.Build.0 = Release|x64
		{0C031C15-C751-4BE4-95D6-2B73FBBB7037}.Release|x86.ActiveCfg = Release|Win32
		{0C031C15-C751-4BE4-95D6-2B73FBBB7037}.Release|x86.Build.0 = Release|Win32
		{D1C3E40E-05EE-47CE-B4BD-975B86D01991}.Debug|x64.ActiveCfg = Debug|x64
		{D1C3E40E-05EE-47CE-B4BD-975B86D01991}.Debug|x64.Build.0 = Debug|x64
		{D1C3E40E-05EE-47CE-B4BD-975B86D01991}.Debug|x86.ActiveCfg = Debug|Win32
		{D1C3E40E-05EE-47CE-B4BD-975B86D01991}.Debug|x86.Build.0 = Debug|Win32
		{D1C3E40E-05EE-47CE-B4BD-975B86D01991}.Release|x64.ActiveCfg = Release|x64
		{D1C3E40E-05EE-47CE-B4BD-975B86D01991}.Release|x64.Build.0 = Release|x64
		{D1C3E40E-05EE-47CE-B4BD-975B86D01991}.Release|x86.ActiveCfg = Release|Win32
		{D1C3E40E-05EE-47CE-B4BD-975B86D01991}.Release|x86.Build.0 = Release|Win32
		{4553107A-54C3-49E3-9159-30AD14B53349}.Debug|x64.ActiveCfg = Debug|x64
		{4553107A-54C3-49E3-9159-30AD14B53349}.Debug|x64.Build.0 = Debug|x64
		{4553107A-54C3-49E3-9159-30AD14B53349}.Debug|x86.ActiveCfg = Debug|Win32
		{4553107A-54C3-49E3-9159-30AD14B53349}.Debug|x86.Build.0 = Debug|Win32
		{4553107A-54C3-49E3-9159-30AD14B53349}.Release|x64.ActiveCfg = Release|x64
		{4553107A-54C3-49E3-9159-30AD14B53349}.Release|x64.Build.0 = Release|x64
		{4553107A-54C3-49E3-9159-30AD14B53349}.Release|x86.ActiveCfg = Release|Win32
		{4553107A-54C3-49E3-9159-30AD14B53349}.Release|x86.Build.0 = Release|Win32
		{E97B4CEB-B093-4615-BEE4-A971750FB46A}.Debug|x64.ActiveCfg = Debug|x64
		{E97B4CEB-B093-4615-BEE4-A971750FB46A}.Debug|x64.Build.0 = Debug|x64
		{E97B4CEB-B093-4615-BEE4-A971750FB46A}.Debug|x86.ActiveCfg = Debug|Win32
		{E97B4CEB-B093-4615-BEE4-A971750FB46A}.Debug|x86.Build.0 = Debug|Win32
		{E97B4CEB-B093-4615-BEE4-A971750FB46A}.Release|x64.ActiveCfg = Release|x64
		{E97B4CEB-B093-4615-BEE4-A971750FB46A}.Release|x64.Build.0 = Release|x64
		{E97B4CEB-B093-4615-BEE4-A971750FB46A}.Release|x86.ActiveCfg = Release|Win32
		{E97B4CEB-B093-4615-BEE4-A971750FB46A}.Release|x86.Build.0 = Release|Win32
		{4DCD0C3D-3088-48F2-9D2F-6E880E61E657}.Debug|x64.ActiveCfg = Debug|x64
		{4DCD0C3D-3088-48F2-9D2F-6E880E61E657}.Debug|x64.Build.0 = Debug|x64
		{4DCD0C3D-3088-48F2-9D2F-6E880E61E657}.Debug|x86.ActiveCfg = Debug|Win32
		{4DCD0C3D-3088-48F2-9D2F-6E880E61E657}.Debug|x86.Build.0 = Debug|Win32
		{4DCD0C3D-3088-48F2-9D2F-6E880E61E657}.Release|x64.ActiveCfg = Release|x64
		{4DCD0C3D-3088-48F2-9D2F-6E880E61E657}.Release|x64.Build.0 = Release|x64
		{4DCD0C3D-3088-48F2-9D2F-6E880E61E657}.Release|x86.ActiveCfg = Release|Win32
		{4DCD0C3D-3088-48F2-9D2F-6E880E61E657}.Release|x86.Build.0 = Release|Win32
	EndGlobalSection
	GlobalSection(SolutionProperties) = preSolution
		HideSolutionNode = FALSE
	EndGlobalSection
	GlobalSection(ExtensibilityGlobals) = postSolution
		SolutionGuid = {397BF2DC-46F6-4C6F-9A88-2533AFDAE392}
	EndGlobalSection
EndGlobal
